# @generated - this file is auto-generated by `mise lock` https://mise.en.dev/dev-tools/mise-lock.html

[[tools.git-lfs]]
version = "3.7.1"
backend = "aqua:git-lfs/git-lfs"

[tools.git-lfs."platforms.linux-arm64"]
checksum = "sha256:73a9c90eeb4312133a63c3eaee0c38c019ea7bfa0953d174809d25b18588dd8d"
url = "https://github.com/git-lfs/git-lfs/releases/download/v3.7.1/git-lfs-linux-arm64-v3.7.1.tar.gz"

[tools.git-lfs."platforms.linux-arm64-musl"]
checksum = "sha256:73a9c90eeb4312133a63c3eaee0c38c019ea7bfa0953d174809d25b18588dd8d"
url = "https://github.com/git-lfs/git-lfs/releases/download/v3.7.1/git-lfs-linux-arm64-v3.7.1.tar.gz"

[tools.git-lfs."platforms.linux-x64"]
checksum = "sha256:1c0b6ee5200ca708c5cebebb18fdeb0e1c98f1af5c1a9cba205a4c0ab5a5ec08"
url = "https://github.com/git-lfs/git-lfs/releases/download/v3.7.1/git-lfs-linux-amd64-v3.7.1.tar.gz"

[tools.git-lfs."platforms.linux-x64-musl"]
checksum = "sha256:1c0b6ee5200ca708c5cebebb18fdeb0e1c98f1af5c1a9cba205a4c0ab5a5ec08"
url = "https://github.com/git-lfs/git-lfs/releases/download/v3.7.1/git-lfs-linux-amd64-v3.7.1.tar.gz"

[tools.git-lfs."platforms.macos-arm64"]
checksum = "sha256:76260fb34f4ee622ff0a66b857e5954aa49c7e343a92e57a1ec4a760618c94b2"
url = "https://github.com/git-lfs/git-lfs/releases/download/v3.7.1/git-lfs-darwin-arm64-v3.7.1.zip"

[tools.git-lfs."platforms.macos-x64"]
checksum = "sha256:b5b1b641c0648c83661fa9eda991cd3eff945264dabc2cdf411a80dfe7ec0970"
url = "https://github.com/git-lfs/git-lfs/releases/download/v3.7.1/git-lfs-darwin-amd64-v3.7.1.zip"

[tools.git-lfs."platforms.windows-x64"]
checksum = "sha256:8683cdc3d6c029b49393dcebbaa6265bd6efd9abdcf837be855b4cd42e5e80b6"
url = "https://github.com/git-lfs/git-lfs/releases/download/v3.7.1/git-lfs-windows-amd64-v3.7.1.zip"

[[tools.go]]
version = "1.26.4"
backend = "core:go"

[tools.go."platforms.linux-arm64"]
checksum = "sha256:ef758ae7c6cf9267c9c0ef080b8965f453d89ab2d25d9eb22de4405925238768"
url = "https://dl.google.com/go/go1.26.4.linux-arm64.tar.gz"

[tools.go."platforms.linux-arm64-musl"]
checksum = "sha256:ef758ae7c6cf9267c9c0ef080b8965f453d89ab2d25d9eb22de4405925238768"
url = "https://dl.google.com/go/go1.26.4.linux-arm64.tar.gz"

[tools.go."platforms.linux-x64"]
checksum = "sha256:1153d3d50e0ac764b447adfe05c2bcf08e889d42a02e0fe0259bd47f6733ad7f"
url = "https://dl.google.com/go/go1.26.4.linux-amd64.tar.gz"

[tools.go."platforms.linux-x64-musl"]
checksum = "sha256:1153d3d50e0ac764b447adfe05c2bcf08e889d42a02e0fe0259bd47f6733ad7f"
url = "https://dl.google.com/go/go1.26.4.linux-amd64.tar.gz"

[tools.go."platforms.macos-arm64"]
checksum = "sha256:b62ad2b6d7d2464f12a5bcad7ff47f19d08325773b5efd21610e445a05a9bf53"
url = "https://dl.google.com/go/go1.26.4.darwin-arm64.tar.gz"

[tools.go."platforms.macos-x64"]
checksum = "sha256:05dc9b5f9997744520aaebb3d5deaa7c755371aebbfb7f97c2511a9f3367538d"
url = "https://dl.google.com/go/go1.26.4.darwin-amd64.tar.gz"

[tools.go."platforms.windows-x64"]
checksum = "sha256:3ca8fb4630b07c419cbdd51f754e31363cfcfb83b3a5354d9e895c90be2cc345"
url = "https://dl.google.com/go/go1.26.4.windows-amd64.zip"

[[tools.node]]
version = "26.4.0"
backend = "core:node"

[tools.node."platforms.linux-arm64"]
checksum = "sha256:773d9ec67266838270ddc105c2548ae8aaff28bc8fe6f34c55d1094043c4165e"
url = "https://nodejs.org/dist/v26.4.0/node-v26.4.0-linux-arm64.tar.gz"

[tools.node."platforms.linux-arm64-musl"]
checksum = "sha256:d2ad8c6e9fa955edf0337078c1d1acda345d36a84986b218cce3cfd1d2d26920"
url = "https://unofficial-builds.nodejs.org/download/release/v26.4.0/node-v26.4.0-linux-arm64-musl.tar.gz"

[tools.node."platforms.linux-x64"]
checksum = "sha256:f221dab30d0e9d544332f06fbee2c62186c97d864d5cac8482dba34f1e38b8dc"
url = "https://nodejs.org/dist/v26.4.0/node-v26.4.0-linux-x64.tar.gz"

[tools.node."platforms.linux-x64-musl"]
checksum = "sha256:554e960f6570bd3d1987f5170d8f2a373a21818581a8d307b697e7839988314a"
url = "https://unofficial-builds.nodejs.org/download/release/v26.4.0/node-v26.4.0-linux-x64-musl.tar.gz"

[tools.node."platforms.macos-arm64"]
checksum = "sha256:4f4fbcacf6b1ff1a95deedba7bd7b2d79efecaa53a8ecb0530546dc9063fefbc"
url = "https://nodejs.org/dist/v26.4.0/node-v26.4.0-darwin-arm64.tar.gz"

[tools.node."platforms.macos-x64"]
checksum = "sha256:eb3bdd8dec3ff2558ee10e284da7d2a3865af0cbda21f06d397b0265837c641e"
url = "https://nodejs.org/dist/v26.4.0/node-v26.4.0-darwin-x64.tar.gz"

[tools.node."platforms.windows-x64"]
checksum = "sha256:5f87d038c6ec442aa46b9126f8ca170acbd2f3b9b9152ca798cf54596a31e214"
url = "https://nodejs.org/dist/v26.4.0/node-v26.4.0-win-x64.zip"

[[tools.pnpm]]
version = "11.9.0"
backend = "aqua:pnpm/pnpm"

[tools.pnpm."platforms.linux-arm64"]
checksum = "sha256:7981d0109fffdf8f15b838243240c8c9f9114dd4b7111d4227c1453522d75b61"
url = "https://github.com/pnpm/pnpm/releases/download/v11.9.0/pnpm-linux-arm64.tar.gz"
provenance = "github-attestations"

[tools.pnpm."platforms.linux-arm64-musl"]
checksum = "sha256:3622d3010d6af601190e7b63994fb0fe297e805699145aec949f4879f2672fb5"
url = "https://github.com/pnpm/pnpm/releases/download/v11.9.0/pnpm-linux-arm64-musl.tar.gz"
provenance = "github-attestations"

[tools.pnpm."platforms.linux-x64"]
checksum = "sha256:8d987d82585453bcf260ea5d0bae346d298f1a5e71bcde8d99976521408ad895"
url = "https://github.com/pnpm/pnpm/releases/download/v11.9.0/pnpm-linux-x64.tar.gz"
provenance = "github-attestations"

[tools.pnpm."platforms.linux-x64-musl"]
checksum = "sha256:655fcf2609e3145cfd7c2f05113429523706d0a618f2957eaa6c3562f6a5998b"
url = "https://github.com/pnpm/pnpm/releases/download/v11.9.0/pnpm-linux-x64-musl.tar.gz"
provenance = "github-attestations"

[tools.pnpm."platforms.macos-arm64"]
checksum = "sha256:ca6f98a8911ec975509464026205e2b54aed74cecd36c5ae9932e5997bd7de2a"
url = "https://github.com/pnpm/pnpm/releases/download/v11.9.0/pnpm-darwin-arm64.tar.gz"
provenance = "github-attestations"

[tools.pnpm."platforms.windows-x64"]
checksum = "sha256:82c130717a59f237c49e8eaa8a7ed75c1d8d351a5b6dedeee3196b8e1b597c6e"
url = "https://github.com/pnpm/pnpm/releases/download/v11.9.0/pnpm-win32-x64.zip"
provenance = "github-attestations"

[[tools.vale]]
version = "3.15.1"
backend = "aqua:vale-cli/vale"

[tools.vale."platforms.linux-arm64"]
checksum = "sha256:281a419e140da11a408935356bab7a4ef770fed047a9d7bd1765c76acd647d01"
url = "https://github.com/vale-cli/vale/releases/download/v3.15.1/vale_3.15.1_Linux_arm64.tar.gz"

[tools.vale."platforms.linux-arm64-musl"]
checksum = "sha256:281a419e140da11a408935356bab7a4ef770fed047a9d7bd1765c76acd647d01"
url = "https://github.com/vale-cli/vale/releases/download/v3.15.1/vale_3.15.1_Linux_arm64.tar.gz"

[tools.vale."platforms.linux-x64"]
checksum = "sha256:c024d9c157874fb043d4f24a055d60050d1bb18755251f590593eed5bace1857"
url = "https://github.com/vale-cli/vale/releases/download/v3.15.1/vale_3.15.1_Linux_64-bit.tar.gz"

[tools.vale."platforms.linux-x64-musl"]
checksum = "sha256:c024d9c157874fb043d4f24a055d60050d1bb18755251f590593eed5bace1857"
url = "https://github.com/vale-cli/vale/releases/download/v3.15.1/vale_3.15.1_Linux_64-bit.tar.gz"

[tools.vale."platforms.macos-arm64"]
checksum = "sha256:968c6d8bf2052bc97aa24274234cc466dbcc249b55ace33dd382c2cdfa93b08c"
url = "https://github.com/vale-cli/vale/releases/download/v3.15.1/vale_3.15.1_macOS_arm64.tar.gz"

[tools.vale."platforms.macos-x64"]
checksum = "sha256:9268383c9e244332c4483cb359e52bd4cb030542873e2cafc48e3bbfff6a989a"
url = "https://github.com/vale-cli/vale/releases/download/v3.15.1/vale_3.15.1_macOS_64-bit.tar.gz"

[tools.vale."platforms.windows-x64"]
checksum = "sha256:3395fca0ddfb10a9b6caa28e091d5df709b1d6b6579afb7dece852cad89b94f3"
url = "https://github.com/vale-cli/vale/releases/download/v3.15.1/vale_3.15.1_Windows_64-bit.zip"
